// !$*UTF8*$!
{
	archiveVersion = 1;
	classes = {
	};
	objectVersion = 46;
	objects = {

/* Begin PBXBuildFile section */
		8AB477278234B920DF3D7AEE /* Pods_IngeniaTestApp.framework in Frameworks */ = {isa = PBXBuildFile; fileRef = 7E000CA9AD2B1184DEDE46D3 /* Pods_IngeniaTestApp.framework */; };
		FC005CA51EFF92A50022785A /* UtilityManager.swift in Sources */ = {isa = PBXBuildFile; fileRef = FC005CA41EFF92A50022785A /* UtilityManager.swift */; };
		FC005CA71EFF92CC0022785A /* ServerManager.swift in Sources */ = {isa = PBXBuildFile; fileRef = FC005CA61EFF92CC0022785A /* ServerManager.swift */; };
		FC8F60401EFF91990036EAE2 /* AppDelegate.swift in Sources */ = {isa = PBXBuildFile; fileRef = FC8F603F1EFF91990036EAE2 /* AppDelegate.swift */; };
		FC8F60421EFF91990036EAE2 /* ViewController.swift in Sources */ = {isa = PBXBuildFile; fileRef = FC8F60411EFF91990036EAE2 /* ViewController.swift */; };
		FC8F60481EFF91990036EAE2 /* IngeniaTestApp.xcdatamodeld in Sources */ = {isa = PBXBuildFile; fileRef = FC8F60461EFF91990036EAE2 /* IngeniaTestApp.xcdatamodeld */; };
		FC8F604A1EFF91990036EAE2 /* Assets.xcassets in Resources */ = {isa = PBXBuildFile; fileRef = FC8F60491EFF91990036EAE2 /* Assets.xcassets */; };
		FC8F604D1EFF91990036EAE2 /* LaunchScreen.storyboard in Resources */ = {isa = PBXBuildFile; fileRef = FC8F604B1EFF91990036EAE2 /* LaunchScreen.storyboard */; };
		FCE8F5801F0017F7002739F5 /* Gist.swift in Sources */ = {isa = PBXBuildFile; fileRef = FCE8F57F1F0017F7002739F5 /* Gist.swift */; };
		FCE8F5821F00185D002739F5 /* File.swift in Sources */ = {isa = PBXBuildFile; fileRef = FCE8F5811F00185D002739F5 /* File.swift */; };
		FCE8F5841F005E9D002739F5 /* GistListViewController.swift in Sources */ = {isa = PBXBuildFile; fileRef = FCE8F5831F005E9D002739F5 /* GistListViewController.swift */; };
		FCE8F5861F005F0C002739F5 /* GistCustomTableViewCell.swift in Sources */ = {isa = PBXBuildFile; fileRef = FCE8F5851F005F0C002739F5 /* GistCustomTableViewCell.swift */; };
		FCE8F58A1F00A4BE002739F5 /* GistFileDetailViewController.swift in Sources */ = {isa = PBXBuildFile; fileRef = FCE8F5891F00A4BE002739F5 /* GistFileDetailViewController.swift */; };
		FCE8F5D01F00CC2A002739F5 /* ExtensionsIngeniaTest.swift in Sources */ = {isa = PBXBuildFile; fileRef = FCE8F5CF1F00CC2A002739F5 /* ExtensionsIngeniaTest.swift */; };
/* End PBXBuildFile section */

/* Begin PBXFileReference section */
		7E000CA9AD2B1184DEDE46D3 /* Pods_IngeniaTestApp.framework */ = {isa = PBXFileReference; explicitFileType = wrapper.framework; includeInIndex = 0; path = Pods_IngeniaTestApp.framework; sourceTree = BUILT_PRODUCTS_DIR; };
		86314E8C8735EACDF190D0A3 /* Pods-IngeniaTestApp.debug.xcconfig */ = {isa = PBXFileReference; includeInIndex = 1; lastKnownFileType = text.xcconfig; name = "Pods-IngeniaTestApp.debug.xcconfig"; path = "Pods/Target Support Files/Pods-IngeniaTestApp/Pods-IngeniaTestApp.debug.xcconfig"; sourceTree = "<group>"; };
		B8E208831D6BEB22E712530C /* Pods-IngeniaTestApp.release.xcconfig */ = {isa = PBXFileReference; includeInIndex = 1; lastKnownFileType = text.xcconfig; name = "Pods-IngeniaTestApp.release.xcconfig"; path = "Pods/Target Support Files/Pods-IngeniaTestApp/Pods-IngeniaTestApp.release.xcconfig"; sourceTree = "<group>"; };
		FC005CA41EFF92A50022785A /* UtilityManager.swift */ = {isa = PBXFileReference; fileEncoding = 4; lastKnownFileType = sourcecode.swift; path = UtilityManager.swift; sourceTree = "<group>"; };
		FC005CA61EFF92CC0022785A /* ServerManager.swift */ = {isa = PBXFileReference; fileEncoding = 4; lastKnownFileType = sourcecode.swift; path = ServerManager.swift; sourceTree = "<group>"; };
		FC8F603C1EFF91990036EAE2 /* IngeniaTestApp.app */ = {isa = PBXFileReference; explicitFileType = wrapper.application; includeInIndex = 0; path = IngeniaTestApp.app; sourceTree = BUILT_PRODUCTS_DIR; };
		FC8F603F1EFF91990036EAE2 /* AppDelegate.swift */ = {isa = PBXFileReference; lastKnownFileType = sourcecode.swift; path = AppDelegate.swift; sourceTree = "<group>"; };
		FC8F60411EFF91990036EAE2 /* ViewController.swift */ = {isa = PBXFileReference; lastKnownFileType = sourcecode.swift; path = ViewController.swift; sourceTree = "<group>"; };
		FC8F60471EFF91990036EAE2 /* IngeniaTestApp.xcdatamodel */ = {isa = PBXFileReference; lastKnownFileType = wrapper.xcdatamodel; path = IngeniaTestApp.xcdatamodel; sourceTree = "<group>"; };
		FC8F60491EFF91990036EAE2 /* Assets.xcassets */ = {isa = PBXFileReference; lastKnownFileType = folder.assetcatalog; path = Assets.xcassets; sourceTree = "<group>"; };
		FC8F604C1EFF91990036EAE2 /* Base */ = {isa = PBXFileReference; lastKnownFileType = file.storyboard; name = Base; path = Base.lproj/LaunchScreen.storyboard; sourceTree = "<group>"; };
		FC8F604E1EFF91990036EAE2 /* Info.plist */ = {isa = PBXFileReference; lastKnownFileType = text.plist.xml; path = Info.plist; sourceTree = "<group>"; };
		FCE8F57F1F0017F7002739F5 /* Gist.swift */ = {isa = PBXFileReference; fileEncoding = 4; lastKnownFileType = sourcecode.swift; path = Gist.swift; sourceTree = "<group>"; };
		FCE8F5811F00185D002739F5 /* File.swift */ = {isa = PBXFileReference; fileEncoding = 4; lastKnownFileType = sourcecode.swift; path = File.swift; sourceTree = "<group>"; };
		FCE8F5831F005E9D002739F5 /* GistListViewController.swift */ = {isa = PBXFileReference; fileEncoding = 4; lastKnownFileType = sourcecode.swift; path = GistListViewController.swift; sourceTree = "<group>"; };
		FCE8F5851F005F0C002739F5 /* GistCustomTableViewCell.swift */ = {isa = PBXFileReference; fileEncoding = 4; lastKnownFileType = sourcecode.swift; path = GistCustomTableViewCell.swift; sourceTree = "<group>"; };
		FCE8F5891F00A4BE002739F5 /* GistFileDetailViewController.swift */ = {isa = PBXFileReference; fileEncoding = 4; lastKnownFileType = sourcecode.swift; path = GistFileDetailViewController.swift; sourceTree = "<group>"; };
		FCE8F5CF1F00CC2A002739F5 /* ExtensionsIngeniaTest.swift */ = {isa = PBXFileReference; fileEncoding = 4; lastKnownFileType = sourcecode.swift; path = ExtensionsIngeniaTest.swift; sourceTree = "<group>"; };
/* End PBXFileReference section */

/* Begin PBXFrameworksBuildPhase section */
		FC8F60391EFF91980036EAE2 /* Frameworks */ = {
			isa = PBXFrameworksBuildPhase;
			buildActionMask = 2147483647;
			files = (
				8AB477278234B920DF3D7AEE /* Pods_IngeniaTestApp.framework in Frameworks */,
			);
			runOnlyForDeploymentPostprocessing = 0;
		};
/* End PBXFrameworksBuildPhase section */

/* Begin PBXGroup section */
		2B1564CCC70BBBE4B225C08B /* Frameworks */ = {
			isa = PBXGroup;
			children = (
				7E000CA9AD2B1184DEDE46D3 /* Pods_IngeniaTestApp.framework */,
			);
			name = Frameworks;
			sourceTree = "<group>";
		};
		58F0DDA2E251DB2B17112200 /* Pods */ = {
			isa = PBXGroup;
			children = (
				86314E8C8735EACDF190D0A3 /* Pods-IngeniaTestApp.debug.xcconfig */,
				B8E208831D6BEB22E712530C /* Pods-IngeniaTestApp.release.xcconfig */,
			);
			name = Pods;
			sourceTree = "<group>";
		};
		FC8F60331EFF91980036EAE2 = {
			isa = PBXGroup;
			children = (
				FC8F603E1EFF91990036EAE2 /* IngeniaTestApp */,
				FC8F603D1EFF91990036EAE2 /* Products */,
				58F0DDA2E251DB2B17112200 /* Pods */,
				2B1564CCC70BBBE4B225C08B /* Frameworks */,
			);
			sourceTree = "<group>";
		};
		FC8F603D1EFF91990036EAE2 /* Products */ = {
			isa = PBXGroup;
			children = (
				FC8F603C1EFF91990036EAE2 /* IngeniaTestApp.app */,
			);
			name = Products;
			sourceTree = "<group>";
		};
		FC8F603E1EFF91990036EAE2 /* IngeniaTestApp */ = {
			isa = PBXGroup;
			children = (
				FC8F603F1EFF91990036EAE2 /* AppDelegate.swift */,
				FC8F60411EFF91990036EAE2 /* ViewController.swift */,
				FCE8F5831F005E9D002739F5 /* GistListViewController.swift */,
				FCE8F5851F005F0C002739F5 /* GistCustomTableViewCell.swift */,
				FCE8F5891F00A4BE002739F5 /* GistFileDetailViewController.swift */,
				FC005CA41EFF92A50022785A /* UtilityManager.swift */,
				FC005CA61EFF92CC0022785A /* ServerManager.swift */,
				FCE8F57F1F0017F7002739F5 /* Gist.swift */,
				FCE8F5811F00185D002739F5 /* File.swift */,
				FCE8F5CF1F00CC2A002739F5 /* ExtensionsIngeniaTest.swift */,
				FC8F60491EFF91990036EAE2 /* Assets.xcassets */,
				FC8F604B1EFF91990036EAE2 /* LaunchScreen.storyboard */,
				FC8F604E1EFF91990036EAE2 /* Info.plist */,
				FC8F60461EFF91990036EAE2 /* IngeniaTestApp.xcdatamodeld */,
			);
			path = IngeniaTestApp;
			sourceTree = "<group>";
		};
/* End PBXGroup section */

/* Begin PBXNativeTarget section */
		FC8F603B1EFF91980036EAE2 /* IngeniaTestApp */ = {
			isa = PBXNativeTarget;
			buildConfigurationList = FC8F60511EFF91990036EAE2 /* Build configuration list for PBXNativeTarget "IngeniaTestApp" */;
			buildPhases = (
				7D9AA74886609F9E131E2D7A /* [CP] Check Pods Manifest.lock */,
				FC8F60381EFF91980036EAE2 /* Sources */,
				FC8F60391EFF91980036EAE2 /* Frameworks */,
				FC8F603A1EFF91980036EAE2 /* Resources */,
				B508F861FF5F01D93A526E34 /* [CP] Embed Pods Frameworks */,
				86C68C2216EB312F953DD3B3 /* [CP] Copy Pods Resources */,
			);
			buildRules = (
			);
			dependencies = (
			);
			name = IngeniaTestApp;
			productName = IngeniaTestApp;
			productReference = FC8F603C1EFF91990036EAE2 /* IngeniaTestApp.app */;
			productType = "com.apple.product-type.application";
		};
/* End PBXNativeTarget section */

/* Begin PBXProject section */
		FC8F60341EFF91980036EAE2 /* Project object */ = {
			isa = PBXProject;
			attributes = {
				LastSwiftUpdateCheck = 0820;
				LastUpgradeCheck = 0820;
				ORGANIZATIONNAME = "Israel Gutierrez";
				TargetAttributes = {
					FC8F603B1EFF91980036EAE2 = {
						CreatedOnToolsVersion = 8.2.1;
						ProvisioningStyle = Automatic;
					};
				};
			};
			buildConfigurationList = FC8F60371EFF91980036EAE2 /* Build configuration list for PBXProject "IngeniaTestApp" */;
			compatibilityVersion = "Xcode 3.2";
			developmentRegion = English;
			hasScannedForEncodings = 0;
			knownRegions = (
				en,
				Base,
			);
			mainGroup = FC8F60331EFF91980036EAE2;
			productRefGroup = FC8F603D1EFF91990036EAE2 /* Products */;
			projectDirPath = "";
			projectRoot = "";
			targets = (
				FC8F603B1EFF91980036EAE2 /* IngeniaTestApp */,
			);
		};
/* End PBXProject section */

/* Begin PBXResourcesBuildPhase section */
		FC8F603A1EFF91980036EAE2 /* Resources */ = {
			isa = PBXResourcesBuildPhase;
			buildActionMask = 2147483647;
			files = (
				FC8F604D1EFF91990036EAE2 /* LaunchScreen.storyboard in Resources */,
				FC8F604A1EFF91990036EAE2 /* Assets.xcassets in Resources */,
			);
			runOnlyForDeploymentPostprocessing = 0;
		};
/* End PBXResourcesBuildPhase section */

/* Begin PBXShellScriptBuildPhase section */
		7D9AA74886609F9E131E2D7A /* [CP] Check Pods Manifest.lock */ = {
			isa = PBXShellScriptBuildPhase;
			buildActionMask = 2147483647;
			files = (
			);
			inputPaths = (
			);
			name = "[CP] Check Pods Manifest.lock";
			outputPaths = (
			);
			runOnlyForDeploymentPostprocessing = 0;
			shellPath = /bin/sh;
			shellScript = "diff \"${PODS_ROOT}/../Podfile.lock\" \"${PODS_ROOT}/Manifest.lock\" > /dev/null\nif [ $? != 0 ] ; then\n    # print error to STDERR\n    echo \"error: The sandbox is not in sync with the Podfile.lock. Run 'pod install' or update your CocoaPods installation.\" >&2\n    exit 1\nfi\n";
			showEnvVarsInLog = 0;
		};
		86C68C2216EB312F953DD3B3 /* [CP] Copy Pods Resources */ = {
			isa = PBXShellScriptBuildPhase;
			buildActionMask = 2147483647;
			files = (
			);
			inputPaths = (
			);
			name = "[CP] Copy Pods Resources";
			outputPaths = (
			);
			runOnlyForDeploymentPostprocessing = 0;
			shellPath = /bin/sh;
			shellScript = "\"${SRCROOT}/Pods/Target Support Files/Pods-IngeniaTestApp/Pods-IngeniaTestApp-resources.sh\"\n";
			showEnvVarsInLog = 0;
		};
		B508F861FF5F01D93A526E34 /* [CP] Embed Pods Frameworks */ = {
			isa = PBXShellScriptBuildPhase;
			buildActionMask = 2147483647;
			files = (
			);
			inputPaths = (
			);
			name = "[CP] Embed Pods Frameworks";
			outputPaths = (
			);
			runOnlyForDeploymentPostprocessing = 0;
			shellPath = /bin/sh;
			shellScript = "\"${SRCROOT}/Pods/Target Support Files/Pods-IngeniaTestApp/Pods-IngeniaTestApp-frameworks.sh\"\n";
			showEnvVarsInLog = 0;
		};
/* End PBXShellScriptBuildPhase section */

/* Begin PBXSourcesBuildPhase section */
		FC8F60381EFF91980036EAE2 /* Sources */ = {
			isa = PBXSourcesBuildPhase;
			buildActionMask = 2147483647;
			files = (
				FC8F60421EFF91990036EAE2 /* ViewController.swift in Sources */,
				FC8F60401EFF91990036EAE2 /* AppDelegate.swift in Sources */,
				FCE8F5D01F00CC2A002739F5 /* ExtensionsIngeniaTest.swift in Sources */,
				FCE8F58A1F00A4BE002739F5 /* GistFileDetailViewController.swift in Sources */,
				FCE8F5841F005E9D002739F5 /* GistListViewController.swift in Sources */,
				FC8F60481EFF91990036EAE2 /* IngeniaTestApp.xcdatamodeld in Sources */,
				FC005CA51EFF92A50022785A /* UtilityManager.swift in Sources */,
				FC005CA71EFF92CC0022785A /* ServerManager.swift in Sources */,
				FCE8F5821F00185D002739F5 /* File.swift in Sources */,
				FCE8F5861F005F0C002739F5 /* GistCustomTableViewCell.swift in Sources */,
				FCE8F5801F0017F7002739F5 /* Gist.swift in Sources */,
			);
			runOnlyForDeploymentPostprocessing = 0;
		};
/* End PBXSourcesBuildPhase section */

/* Begin PBXVariantGroup section */
		FC8F604B1EFF91990036EAE2 /* LaunchScreen.storyboard */ = {
			isa = PBXVariantGroup;
			children = (
				FC8F604C1EFF91990036EAE2 /* Base */,
			);
			name = LaunchScreen.storyboard;
			sourceTree = "<group>";
		};
/* End PBXVariantGroup section */

/* Begin XCBuildConfiguration section */
		FC8F604F1EFF91990036EAE2 /* Debug */ = {
			isa = XCBuildConfiguration;
			buildSettings = {
				ALWAYS_SEARCH_USER_PATHS = NO;
				CLANG_ANALYZER_NONNULL = YES;
				CLANG_CXX_LANGUAGE_STANDARD = "gnu++0x";
				CLANG_CXX_LIBRARY = "libc++";
				CLANG_ENABLE_MODULES = YES;
				CLANG_ENABLE_OBJC_ARC = YES;
				CLANG_WARN_BOOL_CONVERSION = YES;
				CLANG_WARN_CONSTANT_CONVERSION = YES;
				CLANG_WARN_DIRECT_OBJC_ISA_USAGE = YES_ERROR;
				CLANG_WARN_DOCUMENTATION_COMMENTS = YES;
				CLANG_WARN_EMPTY_BODY = YES;
				CLANG_WARN_ENUM_CONVERSION = YES;
				CLANG_WARN_INFINITE_RECURSION = YES;
				CLANG_WARN_INT_CONVERSION = YES;
				CLANG_WARN_OBJC_ROOT_CLASS = YES_ERROR;
				CLANG_WARN_SUSPICIOUS_MOVE = YES;
				CLANG_WARN_UNREACHABLE_CODE = YES;
				CLANG_WARN__DUPLICATE_METHOD_MATCH = YES;
				"CODE_SIGN_IDENTITY[sdk=iphoneos*]" = "iPhone Developer";
				COPY_PHASE_STRIP = NO;
				DEBUG_INFORMATION_FORMAT = dwarf;
				ENABLE_STRICT_OBJC_MSGSEND = YES;
				ENABLE_TESTABILITY = YES;
				GCC_C_LANGUAGE_STANDARD = gnu99;
				GCC_DYNAMIC_NO_PIC = NO;
				GCC_NO_COMMON_BLOCKS = YES;
				GCC_OPTIMIZATION_LEVEL = 0;
				GCC_PREPROCESSOR_DEFINITIONS = (
					"DEBUG=1",
					"$(inherited)",
				);
				GCC_WARN_64_TO_32_BIT_CONVERSION = YES;
				GCC_WARN_ABOUT_RETURN_TYPE = YES_ERROR;
				GCC_WARN_UNDECLARED_SELECTOR = YES;
				GCC_WARN_UNINITIALIZED_AUTOS = YES_AGGRESSIVE;
				GCC_WARN_UNUSED_FUNCTION = YES;
				GCC_WARN_UNUSED_VARIABLE = YES;
				IPHONEOS_DEPLOYMENT_TARGET = 10.2;
				MTL_ENABLE_DEBUG_INFO = YES;
				ONLY_ACTIVE_ARCH = YES;
				SDKROOT = iphoneos;
				SWIFT_ACTIVE_COMPILATION_CONDITIONS = DEBUG;
				SWIFT_OPTIMIZATION_LEVEL = "-Onone";
			};
			name = Debug;
		};
		FC8F60501EFF91990036EAE2 /* Release */ = {
			isa = XCBuildConfiguration;
			buildSettings = {
				ALWAYS_SEARCH_USER_PATHS = NO;
				CLANG_ANALYZER_NONNULL = YES;
				CLANG_CXX_LANGUAGE_STANDARD = "gnu++0x";
				CLANG_CXX_LIBRARY = "libc++";
				CLANG_ENABLE_MODULES = YES;
				CLANG_ENABLE_OBJC_ARC = YES;
				CLANG_WARN_BOOL_CONVERSION = YES;
				CLANG_WARN_CONSTANT_CONVERSION = YES;
				CLANG_WARN_DIRECT_OBJC_ISA_USAGE = YES_ERROR;
				CLANG_WARN_DOCUMENTATION_COMMENTS = YES;
				CLANG_WARN_EMPTY_BODY = YES;
				CLANG_WARN_ENUM_CONVERSION = YES;
				CLANG_WARN_INFINITE_RECURSION = YES;
				CLANG_WARN_INT_CONVERSION = YES;
				CLANG_WARN_OBJC_ROOT_CLASS = YES_ERROR;
				CLANG_WARN_SUSPICIOUS_MOVE = YES;
				CLANG_WARN_UNREACHABLE_CODE = YES;
				CLANG_WARN__DUPLICATE_METHOD_MATCH = YES;
				"CODE_SIGN_IDENTITY[sdk=iphoneos*]" = "iPhone Developer";
				COPY_PHASE_STRIP = NO;
				DEBUG_INFORMATION_FORMAT = "dwarf-with-dsym";
				ENABLE_NS_ASSERTIONS = NO;
				ENABLE_STRICT_OBJC_MSGSEND = YES;
				GCC_C_LANGUAGE_STANDARD = gnu99;
				GCC_NO_COMMON_BLOCKS = YES;
				GCC_WARN_64_TO_32_BIT_CONVERSION = YES;
				GCC_WARN_ABOUT_RETURN_TYPE = YES_ERROR;
				GCC_WARN_UNDECLARED_SELECTOR = YES;
				GCC_WARN_UNINITIALIZED_AUTOS = YES_AGGRESSIVE;
				GCC_WARN_UNUSED_FUNCTION = YES;
				GCC_WARN_UNUSED_VARIABLE = YES;
				IPHONEOS_DEPLOYMENT_TARGET = 10.2;
				MTL_ENABLE_DEBUG_INFO = NO;
				SDKROOT = iphoneos;
				SWIFT_OPTIMIZATION_LEVEL = "-Owholemodule";
				VALIDATE_PRODUCT = YES;
			};
			name = Release;
		};
		FC8F60521EFF91990036EAE2 /* Debug */ = {
			isa = XCBuildConfiguration;
			baseConfigurationReference = 86314E8C8735EACDF190D0A3 /* Pods-IngeniaTestApp.debug.xcconfig */;
			buildSettings = {
				ASSETCATALOG_COMPILER_APPICON_NAME = AppIcon;
				INFOPLIST_FILE = IngeniaTestApp/Info.plist;
				LD_RUNPATH_SEARCH_PATHS = "$(inherited) @executable_path/Frameworks";
				PRODUCT_BUNDLE_IDENTIFIER = com.IngeniaTestApp.IngeniaTestApp;
				PRODUCT_NAME = "$(TARGET_NAME)";
				SWIFT_VERSION = 3.0;
			};
			name = Debug;
		};
		FC8F60531EFF91990036EAE2 /* Release */ = {
			isa = XCBuildConfiguration;
			baseConfigurationReference = B8E208831D6BEB22E712530C /* Pods-IngeniaTestApp.release.xcconfig */;
			buildSettings = {
				ASSETCATALOG_COMPILER_APPICON_NAME = AppIcon;
				INFOPLIST_FILE = IngeniaTestApp/Info.plist;
				LD_RUNPATH_SEARCH_PATHS = "$(inherited) @executable_path/Frameworks";
				PRODUCT_BUNDLE_IDENTIFIER = com.IngeniaTestApp.IngeniaTestApp;
				PRODUCT_NAME = "$(TARGET_NAME)";
				SWIFT_VERSION = 3.0;
			};
			name = Release;
		};
/* End XCBuildConfiguration section */

/* Begin XCConfigurationList section */
		FC8F60371EFF91980036EAE2 /* Build configuration list for PBXProject "IngeniaTestApp" */ = {
			isa = XCConfigurationList;
			buildConfigurations = (
				FC8F604F1EFF91990036EAE2 /* Debug */,
				FC8F60501EFF91990036EAE2 /* Release */,
			);
			defaultConfigurationIsVisible = 0;
			defaultConfigurationName = Release;
		};
		FC8F60511EFF91990036EAE2 /* Build configuration list for PBXNativeTarget "IngeniaTestApp" */ = {
			isa = XCConfigurationList;
			buildConfigurations = (
				FC8F60521EFF91990036EAE2 /* Debug */,
				FC8F60531EFF91990036EAE2 /* Release */,
			);
			defaultConfigurationIsVisible = 0;
			defaultConfigurationName = Release;
		};
/* End XCConfigurationList section */

/* Begin XCVersionGroup section */
		FC8F60461EFF91990036EAE2 /* IngeniaTestApp.xcdatamodeld */ = {
			isa = XCVersionGroup;
			children = (
				FC8F60471EFF91990036EAE2 /* IngeniaTestApp.xcdatamodel */,
			);
			currentVersion = FC8F60471EFF91990036EAE2 /* IngeniaTestApp.xcdatamodel */;
			path = IngeniaTestApp.xcdatamodeld;
			sourceTree = "<group>";
			versionGroupType = wrapper.xcdatamodel;
		};
/* End XCVersionGroup section */
	};
	rootObject = FC8F60341EFF91980036EAE2 /* Project object */;
}
