// !$*UTF8*$!
{
	archiveVersion = 1;
	classes = {
	};
	objectVersion = 46;
	objects = {

/* Begin PBXBuildFile section */
		FC8F60401EFF91990036EAE2 /* AppDelegate.swift in Sources */ = {isa = PBXBuildFile; fileRef = FC8F603F1EFF91990036EAE2 /* AppDelegate.swift */; };
		FC8F60421EFF91990036EAE2 /* ViewController.swift in Sources */ = {isa = PBXBuildFile; fileRef = FC8F60411EFF91990036EAE2 /* ViewController.swift */; };
		FC8F60451EFF91990036EAE2 /* Main.storyboard in Resources */ = {isa = PBXBuildFile; fileRef = FC8F60431EFF91990036EAE2 /* Main.storyboard */; };
		FC8F60481EFF91990036EAE2 /* IngeniaTestApp.xcdatamodeld in Sources */ = {isa = PBXBuildFile; fileRef = FC8F60461EFF91990036EAE2 /* IngeniaTestApp.xcdatamodeld */; };
		FC8F604A1EFF91990036EAE2 /* Assets.xcassets in Resources */ = {isa = PBXBuildFile; fileRef = FC8F60491EFF91990036EAE2 /* Assets.xcassets */; };
		FC8F604D1EFF91990036EAE2 /* LaunchScreen.storyboard in Resources */ = {isa = PBXBuildFile; fileRef = FC8F604B1EFF91990036EAE2 /* LaunchScreen.storyboard */; };
/* End PBXBuildFile section */

/* Begin PBXFileReference section */
		FC8F603C1EFF91990036EAE2 /* IngeniaTestApp.app */ = {isa = PBXFileReference; explicitFileType = wrapper.application; includeInIndex = 0; path = IngeniaTestApp.app; sourceTree = BUILT_PRODUCTS_DIR; };
		FC8F603F1EFF91990036EAE2 /* AppDelegate.swift */ = {isa = PBXFileReference; lastKnownFileType = sourcecode.swift; path = AppDelegate.swift; sourceTree = "<group>"; };
		FC8F60411EFF91990036EAE2 /* ViewController.swift */ = {isa = PBXFileReference; lastKnownFileType = sourcecode.swift; path = ViewController.swift; sourceTree = "<group>"; };
		FC8F60441EFF91990036EAE2 /* Base */ = {isa = PBXFileReference; lastKnownFileType = file.storyboard; name = Base; path = Base.lproj/Main.storyboard; sourceTree = "<group>"; };
		FC8F60471EFF91990036EAE2 /* IngeniaTestApp.xcdatamodel */ = {isa = PBXFileReference; lastKnownFileType = wrapper.xcdatamodel; path = IngeniaTestApp.xcdatamodel; sourceTree = "<group>"; };
		FC8F60491EFF91990036EAE2 /* Assets.xcassets */ = {isa = PBXFileReference; lastKnownFileType = folder.assetcatalog; path = Assets.xcassets; sourceTree = "<group>"; };
		FC8F604C1EFF91990036EAE2 /* Base */ = {isa = PBXFileReference; lastKnownFileType = file.storyboard; name = Base; path = Base.lproj/LaunchScreen.storyboard; sourceTree = "<group>"; };
		FC8F604E1EFF91990036EAE2 /* Info.plist */ = {isa = PBXFileReference; lastKnownFileType = text.plist.xml; path = Info.plist; sourceTree = "<group>"; };
/* End PBXFileReference section */

/* Begin PBXFrameworksBuildPhase section */
		FC8F60391EFF91980036EAE2 /* Frameworks */ = {
			isa = PBXFrameworksBuildPhase;
			buildActionMask = 2147483647;
			files = (
			);
			runOnlyForDeploymentPostprocessing = 0;
		};
/* End PBXFrameworksBuildPhase section */

/* Begin PBXGroup section */
		FC8F60331EFF91980036EAE2 = {
			isa = PBXGroup;
			children = (
				FC8F603E1EFF91990036EAE2 /* IngeniaTestApp */,
				FC8F603D1EFF91990036EAE2 /* Products */,
			);
			sourceTree = "<group>";
		};
		FC8F603D1EFF91990036EAE2 /* Products */ = {
			isa = PBXGroup;
			children = (
				FC8F603C1EFF91990036EAE2 /* IngeniaTestApp.app */,
			);
			name = Products;
			sourceTree = "<group>";
		};
		FC8F603E1EFF91990036EAE2 /* IngeniaTestApp */ = {
			isa = PBXGroup;
			children = (
				FC8F603F1EFF91990036EAE2 /* AppDelegate.swift */,
				FC8F60411EFF91990036EAE2 /* ViewController.swift */,
				FC8F60431EFF91990036EAE2 /* Main.storyboard */,
				FC8F60491EFF91990036EAE2 /* Assets.xcassets */,
				FC8F604B1EFF91990036EAE2 /* LaunchScreen.storyboard */,
				FC8F604E1EFF91990036EAE2 /* Info.plist */,
				FC8F60461EFF91990036EAE2 /* IngeniaTestApp.xcdatamodeld */,
			);
			path = IngeniaTestApp;
			sourceTree = "<group>";
		};
/* End PBXGroup section */

/* Begin PBXNativeTarget section */
		FC8F603B1EFF91980036EAE2 /* IngeniaTestApp */ = {
			isa = PBXNativeTarget;
			buildConfigurationList = FC8F60511EFF91990036EAE2 /* Build configuration list for PBXNativeTarget "IngeniaTestApp" */;
			buildPhases = (
				FC8F60381EFF91980036EAE2 /* Sources */,
				FC8F60391EFF91980036EAE2 /* Frameworks */,
				FC8F603A1EFF91980036EAE2 /* Resources */,
			);
			buildRules = (
			);
			dependencies = (
			);
			name = IngeniaTestApp;
			productName = IngeniaTestApp;
			productReference = FC8F603C1EFF91990036EAE2 /* IngeniaTestApp.app */;
			productType = "com.apple.product-type.application";
		};
/* End PBXNativeTarget section */

/* Begin PBXProject section */
		FC8F60341EFF91980036EAE2 /* Project object */ = {
			isa = PBXProject;
			attributes = {
				LastSwiftUpdateCheck = 0820;
				LastUpgradeCheck = 0820;
				ORGANIZATIONNAME = "Israel Gutierrez";
				TargetAttributes = {
					FC8F603B1EFF91980036EAE2 = {
						CreatedOnToolsVersion = 8.2.1;
						ProvisioningStyle = Automatic;
					};
				};
			};
			buildConfigurationList = FC8F60371EFF91980036EAE2 /* Build configuration list for PBXProject "IngeniaTestApp" */;
			compatibilityVersion = "Xcode 3.2";
			developmentRegion = English;
			hasScannedForEncodings = 0;
			knownRegions = (
				en,
				Base,
			);
			mainGroup = FC8F60331EFF91980036EAE2;
			productRefGroup = FC8F603D1EFF91990036EAE2 /* Products */;
			projectDirPath = "";
			projectRoot = "";
			targets = (
				FC8F603B1EFF91980036EAE2 /* IngeniaTestApp */,
			);
		};
/* End PBXProject section */

/* Begin PBXResourcesBuildPhase section */
		FC8F603A1EFF91980036EAE2 /* Resources */ = {
			isa = PBXResourcesBuildPhase;
			buildActionMask = 2147483647;
			files = (
				FC8F604D1EFF91990036EAE2 /* LaunchScreen.storyboard in Resources */,
				FC8F604A1EFF91990036EAE2 /* Assets.xcassets in Resources */,
				FC8F60451EFF91990036EAE2 /* Main.storyboard in Resources */,
			);
			runOnlyForDeploymentPostprocessing = 0;
		};
/* End PBXResourcesBuildPhase section */

/* Begin PBXSourcesBuildPhase section */
		FC8F60381EFF91980036EAE2 /* Sources */ = {
			isa = PBXSourcesBuildPhase;
			buildActionMask = 2147483647;
			files = (
				FC8F60421EFF91990036EAE2 /* ViewController.swift in Sources */,
				FC8F60401EFF91990036EAE2 /* AppDelegate.swift in Sources */,
				FC8F60481EFF91990036EAE2 /* IngeniaTestApp.xcdatamodeld in Sources */,
			);
			runOnlyForDeploymentPostprocessing = 0;
		};
/* End PBXSourcesBuildPhase section */

/* Begin PBXVariantGroup section */
		FC8F60431EFF91990036EAE2 /* Main.storyboard */ = {
			isa = PBXVariantGroup;
			children = (
				FC8F60441EFF91990036EAE2 /* Base */,
			);
			name = Main.storyboard;
			sourceTree = "<group>";
		};
		FC8F604B1EFF91990036EAE2 /* LaunchScreen.storyboard */ = {
			isa = PBXVariantGroup;
			children = (
				FC8F604C1EFF91990036EAE2 /* Base */,
			);
			name = LaunchScreen.storyboard;
			sourceTree = "<group>";
		};
/* End PBXVariantGroup section */

/* Begin XCBuildConfiguration section */
		FC8F604F1EFF91990036EAE2 /* Debug */ = {
			isa = XCBuildConfiguration;
			buildSettings = {
				ALWAYS_SEARCH_USER_PATHS = NO;
				CLANG_ANALYZER_NONNULL = YES;
				CLANG_CXX_LANGUAGE_STANDARD = "gnu++0x";
				CLANG_CXX_LIBRARY = "libc++";
				CLANG_ENABLE_MODULES = YES;
				CLANG_ENABLE_OBJC_ARC = YES;
				CLANG_WARN_BOOL_CONVERSION = YES;
				CLANG_WARN_CONSTANT_CONVERSION = YES;
				CLANG_WARN_DIRECT_OBJC_ISA_USAGE = YES_ERROR;
				CLANG_WARN_DOCUMENTATION_COMMENTS = YES;
				CLANG_WARN_EMPTY_BODY = YES;
				CLANG_WARN_ENUM_CONVERSION = YES;
				CLANG_WARN_INFINITE_RECURSION = YES;
				CLANG_WARN_INT_CONVERSION = YES;
				CLANG_WARN_OBJC_ROOT_CLASS = YES_ERROR;
				CLANG_WARN_SUSPICIOUS_MOVE = YES;
				CLANG_WARN_UNREACHABLE_CODE = YES;
				CLANG_WARN__DUPLICATE_METHOD_MATCH = YES;
				"CODE_SIGN_IDENTITY[sdk=iphoneos*]" = "iPhone Developer";
				COPY_PHASE_STRIP = NO;
				DEBUG_INFORMATION_FORMAT = dwarf;
				ENABLE_STRICT_OBJC_MSGSEND = YES;
				ENABLE_TESTABILITY = YES;
				GCC_C_LANGUAGE_STANDARD = gnu99;
				GCC_DYNAMIC_NO_PIC = NO;
				GCC_NO_COMMON_BLOCKS = YES;
				GCC_OPTIMIZATION_LEVEL = 0;
				GCC_PREPROCESSOR_DEFINITIONS = (
					"DEBUG=1",
					"$(inherited)",
				);
				GCC_WARN_64_TO_32_BIT_CONVERSION = YES;
				GCC_WARN_ABOUT_RETURN_TYPE = YES_ERROR;
				GCC_WARN_UNDECLARED_SELECTOR = YES;
				GCC_WARN_UNINITIALIZED_AUTOS = YES_AGGRESSIVE;
				GCC_WARN_UNUSED_FUNCTION = YES;
				GCC_WARN_UNUSED_VARIABLE = YES;
				IPHONEOS_DEPLOYMENT_TARGET = 10.2;
				MTL_ENABLE_DEBUG_INFO = YES;
				ONLY_ACTIVE_ARCH = YES;
				SDKROOT = iphoneos;
				SWIFT_ACTIVE_COMPILATION_CONDITIONS = DEBUG;
				SWIFT_OPTIMIZATION_LEVEL = "-Onone";
			};
			name = Debug;
		};
		FC8F60501EFF91990036EAE2 /* Release */ = {
			isa = XCBuildConfiguration;
			buildSettings = {
				ALWAYS_SEARCH_USER_PATHS = NO;
				CLANG_ANALYZER_NONNULL = YES;
				CLANG_CXX_LANGUAGE_STANDARD = "gnu++0x";
				CLANG_CXX_LIBRARY = "libc++";
				CLANG_ENABLE_MODULES = YES;
				CLANG_ENABLE_OBJC_ARC = YES;
				CLANG_WARN_BOOL_CONVERSION = YES;
				CLANG_WARN_CONSTANT_CONVERSION = YES;
				CLANG_WARN_DIRECT_OBJC_ISA_USAGE = YES_ERROR;
				CLANG_WARN_DOCUMENTATION_COMMENTS = YES;
				CLANG_WARN_EMPTY_BODY = YES;
				CLANG_WARN_ENUM_CONVERSION = YES;
				CLANG_WARN_INFINITE_RECURSION = YES;
				CLANG_WARN_INT_CONVERSION = YES;
				CLANG_WARN_OBJC_ROOT_CLASS = YES_ERROR;
				CLANG_WARN_SUSPICIOUS_MOVE = YES;
				CLANG_WARN_UNREACHABLE_CODE = YES;
				CLANG_WARN__DUPLICATE_METHOD_MATCH = YES;
				"CODE_SIGN_IDENTITY[sdk=iphoneos*]" = "iPhone Developer";
				COPY_PHASE_STRIP = NO;
				DEBUG_INFORMATION_FORMAT = "dwarf-with-dsym";
				ENABLE_NS_ASSERTIONS = NO;
				ENABLE_STRICT_OBJC_MSGSEND = YES;
				GCC_C_LANGUAGE_STANDARD = gnu99;
				GCC_NO_COMMON_BLOCKS = YES;
				GCC_WARN_64_TO_32_BIT_CONVERSION = YES;
				GCC_WARN_ABOUT_RETURN_TYPE = YES_ERROR;
				GCC_WARN_UNDECLARED_SELECTOR = YES;
				GCC_WARN_UNINITIALIZED_AUTOS = YES_AGGRESSIVE;
				GCC_WARN_UNUSED_FUNCTION = YES;
				GCC_WARN_UNUSED_VARIABLE = YES;
				IPHONEOS_DEPLOYMENT_TARGET = 10.2;
				MTL_ENABLE_DEBUG_INFO = NO;
				SDKROOT = iphoneos;
				SWIFT_OPTIMIZATION_LEVEL = "-Owholemodule";
				VALIDATE_PRODUCT = YES;
			};
			name = Release;
		};
		FC8F60521EFF91990036EAE2 /* Debug */ = {
			isa = XCBuildConfiguration;
			buildSettings = {
				ASSETCATALOG_COMPILER_APPICON_NAME = AppIcon;
				INFOPLIST_FILE = IngeniaTestApp/Info.plist;
				LD_RUNPATH_SEARCH_PATHS = "$(inherited) @executable_path/Frameworks";
				PRODUCT_BUNDLE_IDENTIFIER = com.IngeniaTestApp.IngeniaTestApp;
				PRODUCT_NAME = "$(TARGET_NAME)";
				SWIFT_VERSION = 3.0;
			};
			name = Debug;
		};
		FC8F60531EFF91990036EAE2 /* Release */ = {
			isa = XCBuildConfiguration;
			buildSettings = {
				ASSETCATALOG_COMPILER_APPICON_NAME = AppIcon;
				INFOPLIST_FILE = IngeniaTestApp/Info.plist;
				LD_RUNPATH_SEARCH_PATHS = "$(inherited) @executable_path/Frameworks";
				PRODUCT_BUNDLE_IDENTIFIER = com.IngeniaTestApp.IngeniaTestApp;
				PRODUCT_NAME = "$(TARGET_NAME)";
				SWIFT_VERSION = 3.0;
			};
			name = Release;
		};
/* End XCBuildConfiguration section */

/* Begin XCConfigurationList section */
		FC8F60371EFF91980036EAE2 /* Build configuration list for PBXProject "IngeniaTestApp" */ = {
			isa = XCConfigurationList;
			buildConfigurations = (
				FC8F604F1EFF91990036EAE2 /* Debug */,
				FC8F60501EFF91990036EAE2 /* Release */,
			);
			defaultConfigurationIsVisible = 0;
			defaultConfigurationName = Release;
		};
		FC8F60511EFF91990036EAE2 /* Build configuration list for PBXNativeTarget "IngeniaTestApp" */ = {
			isa = XCConfigurationList;
			buildConfigurations = (
				FC8F60521EFF91990036EAE2 /* Debug */,
				FC8F60531EFF91990036EAE2 /* Release */,
			);
			defaultConfigurationIsVisible = 0;
		};
/* End XCConfigurationList section */

/* Begin XCVersionGroup section */
		FC8F60461EFF91990036EAE2 /* IngeniaTestApp.xcdatamodeld */ = {
			isa = XCVersionGroup;
			children = (
				FC8F60471EFF91990036EAE2 /* IngeniaTestApp.xcdatamodel */,
			);
			currentVersion = FC8F60471EFF91990036EAE2 /* IngeniaTestApp.xcdatamodel */;
			path = IngeniaTestApp.xcdatamodeld;
			sourceTree = "<group>";
			versionGroupType = wrapper.xcdatamodel;
		};
/* End XCVersionGroup section */
	};
	rootObject = FC8F60341EFF91980036EAE2 /* Project object */;
}
